
Microsoft Visual Studio Solution File, Format Version 12.00
# Visual Studio 15
VisualStudioVersion = 15.0.28307.421
MinimumVisualStudioVersion = 10.0.40219.1
Project("{FAE04EC0-301F-11D3-BF4B-00C04F79EFBC}") = "Stock", "Stock\Stock.csproj", "{5204695D-6D55-4817-8FB6-6FBF71966618}"
EndProject
Global
	GlobalSection(SolutionConfigurationPlatforms) = preSolution
		Debug|Any CPU = Debug|Any CPU
		Release|Any CPU = Release|Any CPU
	EndGlobalSection
	GlobalSection(ProjectConfigurationPlatforms) = postSolution
		{5204695D-6D55-4817-8FB6-6FBF71966618}.Debug|Any CPU.ActiveCfg = Debug|Any CPU
		{5204695D-6D55-4817-8FB6-6FBF71966618}.Debug|Any CPU.Build.0 = Debug|Any CPU
		{5204695D-6D55-4817-8FB6-6FBF71966618}.Release|Any CPU.ActiveCfg = Release|Any CPU
		{5204695D-6D55-4817-8FB6-6FBF71966618}.Release|Any CPU.Build.0 = Release|Any CPU
	EndGlobalSection
	GlobalSection(SolutionProperties) = preSolution
		HideSolutionNode = FALSE
	EndGlobalSection
	GlobalSection(ExtensibilityGlobals) = postSolution
		SolutionGuid = {0D9C0881-BF6D-4847-AE51-3FCD96B717D3}
	EndGlobalSection
EndGlobal
